
Microsoft Visual Studio Solution File, Format Version 12.00
# Visual Studio 15
VisualStudioVersion = 15.0.26430.15
MinimumVisualStudioVersion = 10.0.40219.1
Project("{8BC9CEB8-8B4A-11D0-8D11-00A0C91BC942}") = "Servo-Assignment4", "Servo-Assignment4\Servo-Assignment4.vcxproj", "{A048FDC8-BC93-4AA1-A3CC-D22BBA12C05E}"
EndProject
Global
	GlobalSection(SolutionConfigurationPlatforms) = preSolution
		Debug|VisualGDB = Debug|VisualGDB
		Release|VisualGDB = Release|VisualGDB
	EndGlobalSection
	GlobalSection(ProjectConfigurationPlatforms) = postSolution
		{A048FDC8-BC93-4AA1-A3CC-D22BBA12C05E}.Debug|VisualGDB.ActiveCfg = Debug|VisualGDB
		{A048FDC8-BC93-4AA1-A3CC-D22BBA12C05E}.Debug|VisualGDB.Build.0 = Debug|VisualGDB
		{A048FDC8-BC93-4AA1-A3CC-D22BBA12C05E}.Release|VisualGDB.ActiveCfg = Release|VisualGDB
		{A048FDC8-BC93-4AA1-A3CC-D22BBA12C05E}.Release|VisualGDB.Build.0 = Release|VisualGDB
	EndGlobalSection
	GlobalSection(SolutionProperties) = preSolution
		HideSolutionNode = FALSE
	EndGlobalSection
EndGlobal
